
Microsoft Visual Studio Solution File, Format Version 12.00
# Visual Studio Version 17
VisualStudioVersion = 17.3.32819.101
MinimumVisualStudioVersion = 10.0.40219.1
Project("{FAE04EC0-301F-11D3-BF4B-00C04F79EFBC}") = "Binance.Trade.Automation", "Binance.Trade.Automation\Binance.Trade.Automation.csproj", "{6EE6FD5A-1D41-4386-A98F-1AEAA9E4920D}"
EndProject
Global
	GlobalSection(SolutionConfigurationPlatforms) = preSolution
		Debug|Any CPU = Debug|Any CPU
		Release|Any CPU = Release|Any CPU
	EndGlobalSection
	GlobalSection(ProjectConfigurationPlatforms) = postSolution
		{6EE6FD5A-1D41-4386-A98F-1AEAA9E4920D}.Debug|Any CPU.ActiveCfg = Debug|Any CPU
		{6EE6FD5A-1D41-4386-A98F-1AEAA9E4920D}.Debug|Any CPU.Build.0 = Debug|Any CPU
		{6EE6FD5A-1D41-4386-A98F-1AEAA9E4920D}.Release|Any CPU.ActiveCfg = Release|Any CPU
		{6EE6FD5A-1D41-4386-A98F-1AEAA9E4920D}.Release|Any CPU.Build.0 = Release|Any CPU
	EndGlobalSection
	GlobalSection(SolutionProperties) = preSolution
		HideSolutionNode = FALSE
	EndGlobalSection
	GlobalSection(ExtensibilityGlobals) = postSolution
		SolutionGuid = {88FCD053-0568-4245-B334-B6D8BF158865}
	EndGlobalSection
EndGlobal
